
Microsoft Visual Studio Solution File, Format Version 12.00
# Visual Studio Version 17
VisualStudioVersion = 17.9.34407.89
MinimumVisualStudioVersion = 10.0.40219.1
Project("{FAE04EC0-301F-11D3-BF4B-00C04F79EFBC}") = "SokratesVintageProject", "SokratesVintageProject\SokratesVintageProject.csproj", "{AD87A1E0-3813-437E-A500-678A6E0CE58A}"
EndProject
Global
	GlobalSection(SolutionConfigurationPlatforms) = preSolution
		Debug|Any CPU = Debug|Any CPU
		Release|Any CPU = Release|Any CPU
	EndGlobalSection
	GlobalSection(ProjectConfigurationPlatforms) = postSolution
		{AD87A1E0-3813-437E-A500-678A6E0CE58A}.Debug|Any CPU.ActiveCfg = Debug|Any CPU
		{AD87A1E0-3813-437E-A500-678A6E0CE58A}.Debug|Any CPU.Build.0 = Debug|Any CPU
		{AD87A1E0-3813-437E-A500-678A6E0CE58A}.Release|Any CPU.ActiveCfg = Release|Any CPU
		{AD87A1E0-3813-437E-A500-678A6E0CE58A}.Release|Any CPU.Build.0 = Release|Any CPU
	EndGlobalSection
	GlobalSection(SolutionProperties) = preSolution
		HideSolutionNode = FALSE
	EndGlobalSection
	GlobalSection(ExtensibilityGlobals) = postSolution
		SolutionGuid = {EF04F139-263D-4256-926D-F116FD1F97AC}
	EndGlobalSection
EndGlobal
